
Microsoft Visual Studio Solution File, Format Version 12.00
# Visual Studio Version 16
VisualStudioVersion = 16.0.28621.142
MinimumVisualStudioVersion = 10.0.40219.1
Project("{9A19103F-16F7-4668-BE54-9A1E7A4F7556}") = "Akkatecture", "src\Akkatecture\Akkatecture.csproj", "{3D397B96-ED4E-4CBA-87FF-E045E650DADA}"
EndProject
Project("{2150E333-8FDC-42A3-9474-1A3956D46DE8}") = "src", "src", "{C7A99371-DCC0-4726-A971-E35C8CDF4768}"
EndProject
Project("{2150E333-8FDC-42A3-9474-1A3956D46DE8}") = "test", "test", "{86C56730-ABA0-411C-898C-5966EC483594}"
EndProject
Project("{9A19103F-16F7-4668-BE54-9A1E7A4F7556}") = "Akkatecture.Tests", "test\Akkatecture.Tests\Akkatecture.Tests.csproj", "{90CF254E-E922-4935-8381-00644FD668AC}"
EndProject
Project("{2150E333-8FDC-42A3-9474-1A3956D46DE8}") = "examples", "examples", "{7522402D-176E-4305-A68B-F3FFBFD38158}"
EndProject
Project("{2150E333-8FDC-42A3-9474-1A3956D46DE8}") = "simple", "simple", "{090ECC2F-5647-4B15-ABDF-2E1B44439626}"
	ProjectSection(SolutionItems) = preProject
		examples\simple\README.md = examples\simple\README.md
	EndProjectSection
EndProject
Project("{9A19103F-16F7-4668-BE54-9A1E7A4F7556}") = "Akkatecture.TestHelpers", "test\Akkatecture.TestHelpers\Akkatecture.TestHelpers.csproj", "{6543746C-F5D4-4F64-9C51-4470C4623428}"
EndProject
Project("{9A19103F-16F7-4668-BE54-9A1E7A4F7556}") = "Akkatecture.Clustering", "src\Akkatecture.Clustering\Akkatecture.Clustering.csproj", "{8281381F-C7AD-41C0-8566-D3C2873B6FD6}"
EndProject
Project("{2150E333-8FDC-42A3-9474-1A3956D46DE8}") = "cluster", "cluster", "{F39AA664-CAE8-4592-9173-8D03CABA1C07}"
	ProjectSection(SolutionItems) = preProject
		examples\cluster\README.md = examples\cluster\README.md
	EndProjectSection
EndProject
Project("{9A19103F-16F7-4668-BE54-9A1E7A4F7556}") = "Akkatecture.Examples.Seed", "examples\cluster\Akkatecture.Examples.Seed\Akkatecture.Examples.Seed.csproj", "{BEAC89B6-9B71-4BF6-9B3A-4193DE028F7A}"
EndProject
Project("{9A19103F-16F7-4668-BE54-9A1E7A4F7556}") = "Akkatecture.Examples.Worker", "examples\cluster\Akkatecture.Examples.Worker\Akkatecture.Examples.Worker.csproj", "{DD833121-B2AD-4F2E-A12E-B1B28714817A}"
EndProject
Project("{9A19103F-16F7-4668-BE54-9A1E7A4F7556}") = "Akkatecture.Examples.ClusterClient", "examples\cluster\Akkatecture.Examples.ClusterClient\Akkatecture.Examples.ClusterClient.csproj", "{5513AA4C-5E65-41CC-84AF-6C6003B54F60}"
EndProject
Project("{9A19103F-16F7-4668-BE54-9A1E7A4F7556}") = "Akkatecture.Examples.Application", "examples\simple\Akkatecture.Examples.Application\Akkatecture.Examples.Application.csproj", "{F4512D84-8576-44DB-9F15-E299F62EB9D3}"
EndProject
Project("{9A19103F-16F7-4668-BE54-9A1E7A4F7556}") = "Akkatecture.Examples.Domain", "examples\simple\Akkatecture.Examples.Domain\Akkatecture.Examples.Domain.csproj", "{C104C065-D0CE-42C0-9C43-D8F17ECEA0A0}"
EndProject
Project("{2150E333-8FDC-42A3-9474-1A3956D46DE8}") = "web", "web", "{2B7C892D-01E8-4FE5-A8BB-BBF130A42904}"
	ProjectSection(SolutionItems) = preProject
		examples\web\README.md = examples\web\README.md
	EndProjectSection
EndProject
Project("{9A19103F-16F7-4668-BE54-9A1E7A4F7556}") = "Akkatecture.Examples.Api", "examples\web\Akkatecture.Examples.Api\Akkatecture.Examples.Api.csproj", "{6A69FDC5-7A8D-4FB8-874A-484F68FBEA7A}"
EndProject
Project("{2150E333-8FDC-42A3-9474-1A3956D46DE8}") = "postman", "postman", "{8811113F-775E-4371-8E71-942BD50844A6}"
	ProjectSection(SolutionItems) = preProject
		examples\web\PostmanCollection\Akkatecture.Api.Example.postman_collection.json = examples\web\PostmanCollection\Akkatecture.Api.Example.postman_collection.json
		examples\web\PostmanCollection\Akkatecture.Api.Example.postman_environment.json = examples\web\PostmanCollection\Akkatecture.Api.Example.postman_environment.json
	EndProjectSection
EndProject
Project("{2150E333-8FDC-42A3-9474-1A3956D46DE8}") = "build", "build", "{F1C674D3-CC23-4708-9903-7B3CD3565899}"
	ProjectSection(SolutionItems) = preProject
		build\azure-pipelines-development-ci-cd.yaml = build\azure-pipelines-development-ci-cd.yaml
		build\azure-pipelines-master-ci-cd.yaml = build\azure-pipelines-master-ci-cd.yaml
		build\azure-pipelines-release-ci-cd.yaml = build\azure-pipelines-release-ci-cd.yaml
		build\azure-pipelines-static-ci.yaml = build\azure-pipelines-static-ci.yaml
		build\README.md = build\README.md
		build\paket.dependencies = build\paket.dependencies
	EndProjectSection
EndProject
Project("{FAE04EC0-301F-11D3-BF4B-00C04F79EFBC}") = "Akkatecture.TestFixture", "src\Akkatecture.TestFixture\Akkatecture.TestFixture.csproj", "{BED56747-BBF3-45F5-9EB6-C24808AA09EC}"
EndProject
Project("{FAE04EC0-301F-11D3-BF4B-00C04F79EFBC}") = "Akkatecture.MultiNodeTestRunner", "test\Akkatecture.MultiNodeTestRunner\Akkatecture.MultiNodeTestRunner.csproj", "{081C0036-15A6-48FE-A70E-CCC1CCA3E495}"
EndProject
Project("{2150E333-8FDC-42A3-9474-1A3956D46DE8}") = "tools", "tools", "{6F5F4612-D2DD-47E9-ADA9-18450D44E903}"
EndProject
Project("{FAE04EC0-301F-11D3-BF4B-00C04F79EFBC}") = "Akkatecture.NodeTestRunner", "test\Akkatecture.NodeTestRunner\Akkatecture.NodeTestRunner.csproj", "{216BF8B4-3A50-4EF3-BCA5-4BDA738B0B72}"
EndProject
Project("{FAE04EC0-301F-11D3-BF4B-00C04F79EFBC}") = "Akkatecture.Tests.MultiNode", "test\Akkatecture.Tests.MultiNode\Akkatecture.Tests.MultiNode.csproj", "{C7E74510-5D43-4D63-B3B1-13333DC1700E}"
EndProject
Project("{2150E333-8FDC-42A3-9474-1A3956D46DE8}") = "templates", "templates", "{19634F28-9CC5-4B76-83B6-5AA41B3CA78E}"
ProjectSection(SolutionItems) = preProject
	build\templates\fake-template.yaml = build\templates\fake-template.yaml
	build\templates\variables-template.yaml = build\templates\variables-template.yaml
EndProjectSection
EndProject
Project("{2150E333-8FDC-42A3-9474-1A3956D46DE8}") = "jobs", "jobs", "{94E321E7-073B-4B06-874B-A411D6971A7F}"
ProjectSection(SolutionItems) = preProject
	examples\jobs\README.md = examples\jobs\README.md
EndProjectSection
EndProject
Project("{FAE04EC0-301F-11D3-BF4B-00C04F79EFBC}") = "Akkatecture.Examples.Jobs", "examples\jobs\Akkatecture.Examples.Jobs\Akkatecture.Examples.Jobs.csproj", "{D1FC3A57-86CD-4A83-8604-7811BF707022}"
EndProject
Project("{FAE04EC0-301F-11D3-BF4B-00C04F79EFBC}") = "Akkatecture.Examples.JobApplication", "examples\jobs\Akkatecture.Examples.JobApplication\Akkatecture.Examples.JobApplication.csproj", "{EDC2FA9D-B9DF-452C-8A7F-89237D891486}"
EndProject
Global
	GlobalSection(SolutionConfigurationPlatforms) = preSolution
		Debug|Any CPU = Debug|Any CPU
		Release|Any CPU = Release|Any CPU
	EndGlobalSection
	GlobalSection(ProjectConfigurationPlatforms) = postSolution
		{3D397B96-ED4E-4CBA-87FF-E045E650DADA}.Debug|Any CPU.ActiveCfg = Debug|Any CPU
		{3D397B96-ED4E-4CBA-87FF-E045E650DADA}.Debug|Any CPU.Build.0 = Debug|Any CPU
		{3D397B96-ED4E-4CBA-87FF-E045E650DADA}.Release|Any CPU.ActiveCfg = Release|Any CPU
		{3D397B96-ED4E-4CBA-87FF-E045E650DADA}.Release|Any CPU.Build.0 = Release|Any CPU
		{90CF254E-E922-4935-8381-00644FD668AC}.Debug|Any CPU.ActiveCfg = Debug|Any CPU
		{90CF254E-E922-4935-8381-00644FD668AC}.Debug|Any CPU.Build.0 = Debug|Any CPU
		{90CF254E-E922-4935-8381-00644FD668AC}.Release|Any CPU.ActiveCfg = Release|Any CPU
		{90CF254E-E922-4935-8381-00644FD668AC}.Release|Any CPU.Build.0 = Release|Any CPU
		{6543746C-F5D4-4F64-9C51-4470C4623428}.Debug|Any CPU.ActiveCfg = Debug|Any CPU
		{6543746C-F5D4-4F64-9C51-4470C4623428}.Debug|Any CPU.Build.0 = Debug|Any CPU
		{6543746C-F5D4-4F64-9C51-4470C4623428}.Release|Any CPU.ActiveCfg = Release|Any CPU
		{6543746C-F5D4-4F64-9C51-4470C4623428}.Release|Any CPU.Build.0 = Release|Any CPU
		{8281381F-C7AD-41C0-8566-D3C2873B6FD6}.Debug|Any CPU.ActiveCfg = Debug|Any CPU
		{8281381F-C7AD-41C0-8566-D3C2873B6FD6}.Debug|Any CPU.Build.0 = Debug|Any CPU
		{8281381F-C7AD-41C0-8566-D3C2873B6FD6}.Release|Any CPU.ActiveCfg = Release|Any CPU
		{8281381F-C7AD-41C0-8566-D3C2873B6FD6}.Release|Any CPU.Build.0 = Release|Any CPU
		{BEAC89B6-9B71-4BF6-9B3A-4193DE028F7A}.Debug|Any CPU.ActiveCfg = Debug|Any CPU
		{BEAC89B6-9B71-4BF6-9B3A-4193DE028F7A}.Debug|Any CPU.Build.0 = Debug|Any CPU
		{BEAC89B6-9B71-4BF6-9B3A-4193DE028F7A}.Release|Any CPU.ActiveCfg = Release|Any CPU
		{BEAC89B6-9B71-4BF6-9B3A-4193DE028F7A}.Release|Any CPU.Build.0 = Release|Any CPU
		{DD833121-B2AD-4F2E-A12E-B1B28714817A}.Debug|Any CPU.ActiveCfg = Debug|Any CPU
		{DD833121-B2AD-4F2E-A12E-B1B28714817A}.Debug|Any CPU.Build.0 = Debug|Any CPU
		{DD833121-B2AD-4F2E-A12E-B1B28714817A}.Release|Any CPU.ActiveCfg = Release|Any CPU
		{DD833121-B2AD-4F2E-A12E-B1B28714817A}.Release|Any CPU.Build.0 = Release|Any CPU
		{5513AA4C-5E65-41CC-84AF-6C6003B54F60}.Debug|Any CPU.ActiveCfg = Debug|Any CPU
		{5513AA4C-5E65-41CC-84AF-6C6003B54F60}.Debug|Any CPU.Build.0 = Debug|Any CPU
		{5513AA4C-5E65-41CC-84AF-6C6003B54F60}.Release|Any CPU.ActiveCfg = Release|Any CPU
		{5513AA4C-5E65-41CC-84AF-6C6003B54F60}.Release|Any CPU.Build.0 = Release|Any CPU
		{F4512D84-8576-44DB-9F15-E299F62EB9D3}.Debug|Any CPU.ActiveCfg = Debug|Any CPU
		{F4512D84-8576-44DB-9F15-E299F62EB9D3}.Debug|Any CPU.Build.0 = Debug|Any CPU
		{F4512D84-8576-44DB-9F15-E299F62EB9D3}.Release|Any CPU.ActiveCfg = Release|Any CPU
		{F4512D84-8576-44DB-9F15-E299F62EB9D3}.Release|Any CPU.Build.0 = Release|Any CPU
		{C104C065-D0CE-42C0-9C43-D8F17ECEA0A0}.Debug|Any CPU.ActiveCfg = Debug|Any CPU
		{C104C065-D0CE-42C0-9C43-D8F17ECEA0A0}.Debug|Any CPU.Build.0 = Debug|Any CPU
		{C104C065-D0CE-42C0-9C43-D8F17ECEA0A0}.Release|Any CPU.ActiveCfg = Release|Any CPU
		{C104C065-D0CE-42C0-9C43-D8F17ECEA0A0}.Release|Any CPU.Build.0 = Release|Any CPU
		{6A69FDC5-7A8D-4FB8-874A-484F68FBEA7A}.Debug|Any CPU.ActiveCfg = Debug|Any CPU
		{6A69FDC5-7A8D-4FB8-874A-484F68FBEA7A}.Debug|Any CPU.Build.0 = Debug|Any CPU
		{6A69FDC5-7A8D-4FB8-874A-484F68FBEA7A}.Release|Any CPU.ActiveCfg = Release|Any CPU
		{6A69FDC5-7A8D-4FB8-874A-484F68FBEA7A}.Release|Any CPU.Build.0 = Release|Any CPU
		{BED56747-BBF3-45F5-9EB6-C24808AA09EC}.Debug|Any CPU.ActiveCfg = Debug|Any CPU
		{BED56747-BBF3-45F5-9EB6-C24808AA09EC}.Debug|Any CPU.Build.0 = Debug|Any CPU
		{BED56747-BBF3-45F5-9EB6-C24808AA09EC}.Release|Any CPU.ActiveCfg = Release|Any CPU
		{BED56747-BBF3-45F5-9EB6-C24808AA09EC}.Release|Any CPU.Build.0 = Release|Any CPU
		{081C0036-15A6-48FE-A70E-CCC1CCA3E495}.Debug|Any CPU.ActiveCfg = Debug|Any CPU
		{081C0036-15A6-48FE-A70E-CCC1CCA3E495}.Debug|Any CPU.Build.0 = Debug|Any CPU
		{081C0036-15A6-48FE-A70E-CCC1CCA3E495}.Release|Any CPU.ActiveCfg = Release|Any CPU
		{081C0036-15A6-48FE-A70E-CCC1CCA3E495}.Release|Any CPU.Build.0 = Release|Any CPU
		{216BF8B4-3A50-4EF3-BCA5-4BDA738B0B72}.Debug|Any CPU.ActiveCfg = Debug|Any CPU
		{216BF8B4-3A50-4EF3-BCA5-4BDA738B0B72}.Debug|Any CPU.Build.0 = Debug|Any CPU
		{216BF8B4-3A50-4EF3-BCA5-4BDA738B0B72}.Release|Any CPU.ActiveCfg = Release|Any CPU
		{216BF8B4-3A50-4EF3-BCA5-4BDA738B0B72}.Release|Any CPU.Build.0 = Release|Any CPU
		{C7E74510-5D43-4D63-B3B1-13333DC1700E}.Debug|Any CPU.ActiveCfg = Debug|Any CPU
		{C7E74510-5D43-4D63-B3B1-13333DC1700E}.Debug|Any CPU.Build.0 = Debug|Any CPU
		{C7E74510-5D43-4D63-B3B1-13333DC1700E}.Release|Any CPU.ActiveCfg = Release|Any CPU
		{C7E74510-5D43-4D63-B3B1-13333DC1700E}.Release|Any CPU.Build.0 = Release|Any CPU
		{D1FC3A57-86CD-4A83-8604-7811BF707022}.Debug|Any CPU.ActiveCfg = Debug|Any CPU
		{D1FC3A57-86CD-4A83-8604-7811BF707022}.Debug|Any CPU.Build.0 = Debug|Any CPU
		{D1FC3A57-86CD-4A83-8604-7811BF707022}.Release|Any CPU.ActiveCfg = Release|Any CPU
		{D1FC3A57-86CD-4A83-8604-7811BF707022}.Release|Any CPU.Build.0 = Release|Any CPU
		{EDC2FA9D-B9DF-452C-8A7F-89237D891486}.Debug|Any CPU.ActiveCfg = Debug|Any CPU
		{EDC2FA9D-B9DF-452C-8A7F-89237D891486}.Debug|Any CPU.Build.0 = Debug|Any CPU
		{EDC2FA9D-B9DF-452C-8A7F-89237D891486}.Release|Any CPU.ActiveCfg = Release|Any CPU
		{EDC2FA9D-B9DF-452C-8A7F-89237D891486}.Release|Any CPU.Build.0 = Release|Any CPU
	EndGlobalSection
	GlobalSection(SolutionProperties) = preSolution
		HideSolutionNode = FALSE
	EndGlobalSection
	GlobalSection(NestedProjects) = preSolution
		{3D397B96-ED4E-4CBA-87FF-E045E650DADA} = {C7A99371-DCC0-4726-A971-E35C8CDF4768}
		{90CF254E-E922-4935-8381-00644FD668AC} = {86C56730-ABA0-411C-898C-5966EC483594}
		{090ECC2F-5647-4B15-ABDF-2E1B44439626} = {7522402D-176E-4305-A68B-F3FFBFD38158}
		{6543746C-F5D4-4F64-9C51-4470C4623428} = {86C56730-ABA0-411C-898C-5966EC483594}
		{8281381F-C7AD-41C0-8566-D3C2873B6FD6} = {C7A99371-DCC0-4726-A971-E35C8CDF4768}
		{F39AA664-CAE8-4592-9173-8D03CABA1C07} = {7522402D-176E-4305-A68B-F3FFBFD38158}
		{BEAC89B6-9B71-4BF6-9B3A-4193DE028F7A} = {F39AA664-CAE8-4592-9173-8D03CABA1C07}
		{DD833121-B2AD-4F2E-A12E-B1B28714817A} = {F39AA664-CAE8-4592-9173-8D03CABA1C07}
		{5513AA4C-5E65-41CC-84AF-6C6003B54F60} = {F39AA664-CAE8-4592-9173-8D03CABA1C07}
		{F4512D84-8576-44DB-9F15-E299F62EB9D3} = {090ECC2F-5647-4B15-ABDF-2E1B44439626}
		{C104C065-D0CE-42C0-9C43-D8F17ECEA0A0} = {090ECC2F-5647-4B15-ABDF-2E1B44439626}
		{2B7C892D-01E8-4FE5-A8BB-BBF130A42904} = {7522402D-176E-4305-A68B-F3FFBFD38158}
		{6A69FDC5-7A8D-4FB8-874A-484F68FBEA7A} = {2B7C892D-01E8-4FE5-A8BB-BBF130A42904}
		{8811113F-775E-4371-8E71-942BD50844A6} = {2B7C892D-01E8-4FE5-A8BB-BBF130A42904}
		{BED56747-BBF3-45F5-9EB6-C24808AA09EC} = {C7A99371-DCC0-4726-A971-E35C8CDF4768}
		{6F5F4612-D2DD-47E9-ADA9-18450D44E903} = {86C56730-ABA0-411C-898C-5966EC483594}
		{081C0036-15A6-48FE-A70E-CCC1CCA3E495} = {6F5F4612-D2DD-47E9-ADA9-18450D44E903}
		{216BF8B4-3A50-4EF3-BCA5-4BDA738B0B72} = {6F5F4612-D2DD-47E9-ADA9-18450D44E903}
		{C7E74510-5D43-4D63-B3B1-13333DC1700E} = {86C56730-ABA0-411C-898C-5966EC483594}
		{19634F28-9CC5-4B76-83B6-5AA41B3CA78E} = {F1C674D3-CC23-4708-9903-7B3CD3565899}
		{94E321E7-073B-4B06-874B-A411D6971A7F} = {7522402D-176E-4305-A68B-F3FFBFD38158}
		{D1FC3A57-86CD-4A83-8604-7811BF707022} = {94E321E7-073B-4B06-874B-A411D6971A7F}
		{EDC2FA9D-B9DF-452C-8A7F-89237D891486} = {94E321E7-073B-4B06-874B-A411D6971A7F}
	EndGlobalSection
	GlobalSection(ExtensibilityGlobals) = postSolution
		SolutionGuid = {F5A40806-ED71-4286-A37C-BE0364FA29A6}
	EndGlobalSection
EndGlobal
